
Microsoft Visual Studio Solution File, Format Version 12.00
# Visual Studio Version 16
VisualStudioVersion = 16.0.31702.278
MinimumVisualStudioVersion = 10.0.40219.1
Project("{888888A0-9F3D-457C-B088-3A5042F75D52}") = "A better calculator", "A better calculator\A better calculator.pyproj", "{4323AC45-A81E-4A8A-977E-B89C56CB5E46}"
EndProject
Global
	GlobalSection(SolutionConfigurationPlatforms) = preSolution
		Debug|Any CPU = Debug|Any CPU
		Release|Any CPU = Release|Any CPU
	EndGlobalSection
	GlobalSection(ProjectConfigurationPlatforms) = postSolution
		{4323AC45-A81E-4A8A-977E-B89C56CB5E46}.Debug|Any CPU.ActiveCfg = Debug|Any CPU
		{4323AC45-A81E-4A8A-977E-B89C56CB5E46}.Release|Any CPU.ActiveCfg = Release|Any CPU
	EndGlobalSection
	GlobalSection(SolutionProperties) = preSolution
		HideSolutionNode = FALSE
	EndGlobalSection
	GlobalSection(ExtensibilityGlobals) = postSolution
		SolutionGuid = {019A60D9-F6EF-4ED9-BE08-BE200CBEACF0}
	EndGlobalSection
EndGlobal
